
Microsoft Visual Studio Solution File, Format Version 12.00
# Visual Studio Version 17
VisualStudioVersion = 17.2.32616.157
MinimumVisualStudioVersion = 10.0.40219.1
Project("{FAE04EC0-301F-11D3-BF4B-00C04F79EFBC}") = "TestBravo", "TestBravo\TestBravo.csproj", "{A8861C11-F50F-4731-A476-8FC27D2AEB75}"
EndProject
Global
	GlobalSection(SolutionConfigurationPlatforms) = preSolution
		Debug|Any CPU = Debug|Any CPU
		Release|Any CPU = Release|Any CPU
	EndGlobalSection
	GlobalSection(ProjectConfigurationPlatforms) = postSolution
		{A8861C11-F50F-4731-A476-8FC27D2AEB75}.Debug|Any CPU.ActiveCfg = Debug|Any CPU
		{A8861C11-F50F-4731-A476-8FC27D2AEB75}.Debug|Any CPU.Build.0 = Debug|Any CPU
		{A8861C11-F50F-4731-A476-8FC27D2AEB75}.Release|Any CPU.ActiveCfg = Release|Any CPU
		{A8861C11-F50F-4731-A476-8FC27D2AEB75}.Release|Any CPU.Build.0 = Release|Any CPU
	EndGlobalSection
	GlobalSection(SolutionProperties) = preSolution
		HideSolutionNode = FALSE
	EndGlobalSection
	GlobalSection(ExtensibilityGlobals) = postSolution
		SolutionGuid = {3BBEE5D3-0BB5-4BE5-866B-6BAE23848187}
	EndGlobalSection
EndGlobal
